// !$*UTF8*$!
{
	archiveVersion = 1;
	classes = {
	};
	objectVersion = 50;
	objects = {

/* Begin PBXBuildFile section */
		C47679B925A08A21004529F7 /* AppDelegate.swift in Sources */ = {isa = PBXBuildFile; fileRef = C47679B825A08A21004529F7 /* AppDelegate.swift */; };
		C47679BB25A08A21004529F7 /* SceneDelegate.swift in Sources */ = {isa = PBXBuildFile; fileRef = C47679BA25A08A21004529F7 /* SceneDelegate.swift */; };
		C47679C025A08A21004529F7 /* Main.storyboard in Resources */ = {isa = PBXBuildFile; fileRef = C47679BE25A08A21004529F7 /* Main.storyboard */; };
		C47679C225A08A24004529F7 /* Assets.xcassets in Resources */ = {isa = PBXBuildFile; fileRef = C47679C125A08A24004529F7 /* Assets.xcassets */; };
		C47679C525A08A24004529F7 /* LaunchScreen.storyboard in Resources */ = {isa = PBXBuildFile; fileRef = C47679C325A08A24004529F7 /* LaunchScreen.storyboard */; };
		C47679D025A08C9D004529F7 /* TasksTableViewController.swift in Sources */ = {isa = PBXBuildFile; fileRef = C47679CF25A08C9D004529F7 /* TasksTableViewController.swift */; };
		C47679D325A08CB1004529F7 /* TasksTableViewCell.swift in Sources */ = {isa = PBXBuildFile; fileRef = C47679D225A08CB1004529F7 /* TasksTableViewCell.swift */; };
		C47679D725A092BE004529F7 /* ToDo.swift in Sources */ = {isa = PBXBuildFile; fileRef = C47679D625A092BE004529F7 /* ToDo.swift */; };
		C47679DB25A0932C004529F7 /* Task.swift in Sources */ = {isa = PBXBuildFile; fileRef = C47679DA25A0932C004529F7 /* Task.swift */; };
		C47679DF25A095A1004529F7 /* SubTask.swift in Sources */ = {isa = PBXBuildFile; fileRef = C47679DE25A095A1004529F7 /* SubTask.swift */; };
		C47679E325A0C938004529F7 /* SavedTasks.swift in Sources */ = {isa = PBXBuildFile; fileRef = C47679E225A0C938004529F7 /* SavedTasks.swift */; };
		C47679E725A0D575004529F7 /* FirstViewController.swift in Sources */ = {isa = PBXBuildFile; fileRef = C47679E625A0D575004529F7 /* FirstViewController.swift */; };
/* End PBXBuildFile section */

/* Begin PBXFileReference section */
		C47679B525A08A21004529F7 /* Tasks.app */ = {isa = PBXFileReference; explicitFileType = wrapper.application; includeInIndex = 0; path = Tasks.app; sourceTree = BUILT_PRODUCTS_DIR; };
		C47679B825A08A21004529F7 /* AppDelegate.swift */ = {isa = PBXFileReference; lastKnownFileType = sourcecode.swift; path = AppDelegate.swift; sourceTree = "<group>"; };
		C47679BA25A08A21004529F7 /* SceneDelegate.swift */ = {isa = PBXFileReference; lastKnownFileType = sourcecode.swift; path = SceneDelegate.swift; sourceTree = "<group>"; };
		C47679BF25A08A21004529F7 /* Base */ = {isa = PBXFileReference; lastKnownFileType = file.storyboard; name = Base; path = Base.lproj/Main.storyboard; sourceTree = "<group>"; };
		C47679C125A08A24004529F7 /* Assets.xcassets */ = {isa = PBXFileReference; lastKnownFileType = folder.assetcatalog; path = Assets.xcassets; sourceTree = "<group>"; };
		C47679C425A08A24004529F7 /* Base */ = {isa = PBXFileReference; lastKnownFileType = file.storyboard; name = Base; path = Base.lproj/LaunchScreen.storyboard; sourceTree = "<group>"; };
		C47679C625A08A24004529F7 /* Info.plist */ = {isa = PBXFileReference; lastKnownFileType = text.plist.xml; path = Info.plist; sourceTree = "<group>"; };
		C47679CF25A08C9D004529F7 /* TasksTableViewController.swift */ = {isa = PBXFileReference; lastKnownFileType = sourcecode.swift; path = TasksTableViewController.swift; sourceTree = "<group>"; };
		C47679D225A08CB1004529F7 /* TasksTableViewCell.swift */ = {isa = PBXFileReference; lastKnownFileType = sourcecode.swift; path = TasksTableViewCell.swift; sourceTree = "<group>"; };
		C47679D625A092BE004529F7 /* ToDo.swift */ = {isa = PBXFileReference; lastKnownFileType = sourcecode.swift; path = ToDo.swift; sourceTree = "<group>"; };
		C47679DA25A0932C004529F7 /* Task.swift */ = {isa = PBXFileReference; lastKnownFileType = sourcecode.swift; path = Task.swift; sourceTree = "<group>"; };
		C47679DE25A095A1004529F7 /* SubTask.swift */ = {isa = PBXFileReference; lastKnownFileType = sourcecode.swift; path = SubTask.swift; sourceTree = "<group>"; };
		C47679E225A0C938004529F7 /* SavedTasks.swift */ = {isa = PBXFileReference; lastKnownFileType = sourcecode.swift; path = SavedTasks.swift; sourceTree = "<group>"; };
		C47679E625A0D575004529F7 /* FirstViewController.swift */ = {isa = PBXFileReference; lastKnownFileType = sourcecode.swift; path = FirstViewController.swift; sourceTree = "<group>"; };
/* End PBXFileReference section */

/* Begin PBXFrameworksBuildPhase section */
		C47679B225A08A21004529F7 /* Frameworks */ = {
			isa = PBXFrameworksBuildPhase;
			buildActionMask = 2147483647;
			files = (
			);
			runOnlyForDeploymentPostprocessing = 0;
		};
/* End PBXFrameworksBuildPhase section */

/* Begin PBXGroup section */
		C47679AC25A08A21004529F7 = {
			isa = PBXGroup;
			children = (
				C47679B725A08A21004529F7 /* Tasks */,
				C47679B625A08A21004529F7 /* Products */,
			);
			sourceTree = "<group>";
		};
		C47679B625A08A21004529F7 /* Products */ = {
			isa = PBXGroup;
			children = (
				C47679B525A08A21004529F7 /* Tasks.app */,
			);
			name = Products;
			sourceTree = "<group>";
		};
		C47679B725A08A21004529F7 /* Tasks */ = {
			isa = PBXGroup;
			children = (
				C47679D525A092AE004529F7 /* Models */,
				C47679CE25A08C25004529F7 /* TasksScreen */,
				C47679B825A08A21004529F7 /* AppDelegate.swift */,
				C47679BA25A08A21004529F7 /* SceneDelegate.swift */,
				C47679E625A0D575004529F7 /* FirstViewController.swift */,
				C47679BE25A08A21004529F7 /* Main.storyboard */,
				C47679C125A08A24004529F7 /* Assets.xcassets */,
				C47679C325A08A24004529F7 /* LaunchScreen.storyboard */,
				C47679C625A08A24004529F7 /* Info.plist */,
			);
			path = Tasks;
			sourceTree = "<group>";
		};
		C47679CE25A08C25004529F7 /* TasksScreen */ = {
			isa = PBXGroup;
			children = (
				C47679CF25A08C9D004529F7 /* TasksTableViewController.swift */,
				C47679D225A08CB1004529F7 /* TasksTableViewCell.swift */,
			);
			path = TasksScreen;
			sourceTree = "<group>";
		};
		C47679D525A092AE004529F7 /* Models */ = {
			isa = PBXGroup;
			children = (
				C47679D625A092BE004529F7 /* ToDo.swift */,
				C47679DE25A095A1004529F7 /* SubTask.swift */,
				C47679DA25A0932C004529F7 /* Task.swift */,
				C47679E225A0C938004529F7 /* SavedTasks.swift */,
			);
			path = Models;
			sourceTree = "<group>";
		};
/* End PBXGroup section */

/* Begin PBXNativeTarget section */
		C47679B425A08A21004529F7 /* Tasks */ = {
			isa = PBXNativeTarget;
			buildConfigurationList = C47679C925A08A24004529F7 /* Build configuration list for PBXNativeTarget "Tasks" */;
			buildPhases = (
				C47679B125A08A21004529F7 /* Sources */,
				C47679B225A08A21004529F7 /* Frameworks */,
				C47679B325A08A21004529F7 /* Resources */,
			);
			buildRules = (
			);
			dependencies = (
			);
			name = Tasks;
			productName = Tasks;
			productReference = C47679B525A08A21004529F7 /* Tasks.app */;
			productType = "com.apple.product-type.application";
		};
/* End PBXNativeTarget section */

/* Begin PBXProject section */
		C47679AD25A08A21004529F7 /* Project object */ = {
			isa = PBXProject;
			attributes = {
				LastSwiftUpdateCheck = 1230;
				LastUpgradeCheck = 1230;
				TargetAttributes = {
					C47679B425A08A21004529F7 = {
						CreatedOnToolsVersion = 12.3;
					};
				};
			};
			buildConfigurationList = C47679B025A08A21004529F7 /* Build configuration list for PBXProject "Tasks" */;
			compatibilityVersion = "Xcode 9.3";
			developmentRegion = en;
			hasScannedForEncodings = 0;
			knownRegions = (
				en,
				Base,
			);
			mainGroup = C47679AC25A08A21004529F7;
			productRefGroup = C47679B625A08A21004529F7 /* Products */;
			projectDirPath = "";
			projectRoot = "";
			targets = (
				C47679B425A08A21004529F7 /* Tasks */,
			);
		};
/* End PBXProject section */

/* Begin PBXResourcesBuildPhase section */
		C47679B325A08A21004529F7 /* Resources */ = {
			isa = PBXResourcesBuildPhase;
			buildActionMask = 2147483647;
			files = (
				C47679C525A08A24004529F7 /* LaunchScreen.storyboard in Resources */,
				C47679C225A08A24004529F7 /* Assets.xcassets in Resources */,
				C47679C025A08A21004529F7 /* Main.storyboard in Resources */,
			);
			runOnlyForDeploymentPostprocessing = 0;
		};
/* End PBXResourcesBuildPhase section */

/* Begin PBXSourcesBuildPhase section */
		C47679B125A08A21004529F7 /* Sources */ = {
			isa = PBXSourcesBuildPhase;
			buildActionMask = 2147483647;
			files = (
				C47679E725A0D575004529F7 /* FirstViewController.swift in Sources */,
				C47679D725A092BE004529F7 /* ToDo.swift in Sources */,
				C47679D325A08CB1004529F7 /* TasksTableViewCell.swift in Sources */,
				C47679D025A08C9D004529F7 /* TasksTableViewController.swift in Sources */,
				C47679DF25A095A1004529F7 /* SubTask.swift in Sources */,
				C47679E325A0C938004529F7 /* SavedTasks.swift in Sources */,
				C47679B925A08A21004529F7 /* AppDelegate.swift in Sources */,
				C47679DB25A0932C004529F7 /* Task.swift in Sources */,
				C47679BB25A08A21004529F7 /* SceneDelegate.swift in Sources */,
			);
			runOnlyForDeploymentPostprocessing = 0;
		};
/* End PBXSourcesBuildPhase section */

/* Begin PBXVariantGroup section */
		C47679BE25A08A21004529F7 /* Main.storyboard */ = {
			isa = PBXVariantGroup;
			children = (
				C47679BF25A08A21004529F7 /* Base */,
			);
			name = Main.storyboard;
			sourceTree = "<group>";
		};
		C47679C325A08A24004529F7 /* LaunchScreen.storyboard */ = {
			isa = PBXVariantGroup;
			children = (
				C47679C425A08A24004529F7 /* Base */,
			);
			name = LaunchScreen.storyboard;
			sourceTree = "<group>";
		};
/* End PBXVariantGroup section */

/* Begin XCBuildConfiguration section */
		C47679C725A08A24004529F7 /* Debug */ = {
			isa = XCBuildConfiguration;
			buildSettings = {
				ALWAYS_SEARCH_USER_PATHS = NO;
				CLANG_ANALYZER_NONNULL = YES;
				CLANG_ANALYZER_NUMBER_OBJECT_CONVERSION = YES_AGGRESSIVE;
				CLANG_CXX_LANGUAGE_STANDARD = "gnu++14";
				CLANG_CXX_LIBRARY = "libc++";
				CLANG_ENABLE_MODULES = YES;
				CLANG_ENABLE_OBJC_ARC = YES;
				CLANG_ENABLE_OBJC_WEAK = YES;
				CLANG_WARN_BLOCK_CAPTURE_AUTORELEASING = YES;
				CLANG_WARN_BOOL_CONVERSION = YES;
				CLANG_WARN_COMMA = YES;
				CLANG_WARN_CONSTANT_CONVERSION = YES;
				CLANG_WARN_DEPRECATED_OBJC_IMPLEMENTATIONS = YES;
				CLANG_WARN_DIRECT_OBJC_ISA_USAGE = YES_ERROR;
				CLANG_WARN_DOCUMENTATION_COMMENTS = YES;
				CLANG_WARN_EMPTY_BODY = YES;
				CLANG_WARN_ENUM_CONVERSION = YES;
				CLANG_WARN_INFINITE_RECURSION = YES;
				CLANG_WARN_INT_CONVERSION = YES;
				CLANG_WARN_NON_LITERAL_NULL_CONVERSION = YES;
				CLANG_WARN_OBJC_IMPLICIT_RETAIN_SELF = YES;
				CLANG_WARN_OBJC_LITERAL_CONVERSION = YES;
				CLANG_WARN_OBJC_ROOT_CLASS = YES_ERROR;
				CLANG_WARN_QUOTED_INCLUDE_IN_FRAMEWORK_HEADER = YES;
				CLANG_WARN_RANGE_LOOP_ANALYSIS = YES;
				CLANG_WARN_STRICT_PROTOTYPES = YES;
				CLANG_WARN_SUSPICIOUS_MOVE = YES;
				CLANG_WARN_UNGUARDED_AVAILABILITY = YES_AGGRESSIVE;
				CLANG_WARN_UNREACHABLE_CODE = YES;
				CLANG_WARN__DUPLICATE_METHOD_MATCH = YES;
				COPY_PHASE_STRIP = NO;
				DEBUG_INFORMATION_FORMAT = dwarf;
				ENABLE_STRICT_OBJC_MSGSEND = YES;
				ENABLE_TESTABILITY = YES;
				GCC_C_LANGUAGE_STANDARD = gnu11;
				GCC_DYNAMIC_NO_PIC = NO;
				GCC_NO_COMMON_BLOCKS = YES;
				GCC_OPTIMIZATION_LEVEL = 0;
				GCC_PREPROCESSOR_DEFINITIONS = (
					"DEBUG=1",
					"$(inherited)",
				);
				GCC_WARN_64_TO_32_BIT_CONVERSION = YES;
				GCC_WARN_ABOUT_RETURN_TYPE = YES_ERROR;
				GCC_WARN_UNDECLARED_SELECTOR = YES;
				GCC_WARN_UNINITIALIZED_AUTOS = YES_AGGRESSIVE;
				GCC_WARN_UNUSED_FUNCTION = YES;
				GCC_WARN_UNUSED_VARIABLE = YES;
				IPHONEOS_DEPLOYMENT_TARGET = 14.3;
				MTL_ENABLE_DEBUG_INFO = INCLUDE_SOURCE;
				MTL_FAST_MATH = YES;
				ONLY_ACTIVE_ARCH = YES;
				SDKROOT = iphoneos;
				SWIFT_ACTIVE_COMPILATION_CONDITIONS = DEBUG;
				SWIFT_OPTIMIZATION_LEVEL = "-Onone";
			};
			name = Debug;
		};
		C47679C825A08A24004529F7 /* Release */ = {
			isa = XCBuildConfiguration;
			buildSettings = {
				ALWAYS_SEARCH_USER_PATHS = NO;
				CLANG_ANALYZER_NONNULL = YES;
				CLANG_ANALYZER_NUMBER_OBJECT_CONVERSION = YES_AGGRESSIVE;
				CLANG_CXX_LANGUAGE_STANDARD = "gnu++14";
				CLANG_CXX_LIBRARY = "libc++";
				CLANG_ENABLE_MODULES = YES;
				CLANG_ENABLE_OBJC_ARC = YES;
				CLANG_ENABLE_OBJC_WEAK = YES;
				CLANG_WARN_BLOCK_CAPTURE_AUTORELEASING = YES;
				CLANG_WARN_BOOL_CONVERSION = YES;
				CLANG_WARN_COMMA = YES;
				CLANG_WARN_CONSTANT_CONVERSION = YES;
				CLANG_WARN_DEPRECATED_OBJC_IMPLEMENTATIONS = YES;
				CLANG_WARN_DIRECT_OBJC_ISA_USAGE = YES_ERROR;
				CLANG_WARN_DOCUMENTATION_COMMENTS = YES;
				CLANG_WARN_EMPTY_BODY = YES;
				CLANG_WARN_ENUM_CONVERSION = YES;
				CLANG_WARN_INFINITE_RECURSION = YES;
				CLANG_WARN_INT_CONVERSION = YES;
				CLANG_WARN_NON_LITERAL_NULL_CONVERSION = YES;
				CLANG_WARN_OBJC_IMPLICIT_RETAIN_SELF = YES;
				CLANG_WARN_OBJC_LITERAL_CONVERSION = YES;
				CLANG_WARN_OBJC_ROOT_CLASS = YES_ERROR;
				CLANG_WARN_QUOTED_INCLUDE_IN_FRAMEWORK_HEADER = YES;
				CLANG_WARN_RANGE_LOOP_ANALYSIS = YES;
				CLANG_WARN_STRICT_PROTOTYPES = YES;
				CLANG_WARN_SUSPICIOUS_MOVE = YES;
				CLANG_WARN_UNGUARDED_AVAILABILITY = YES_AGGRESSIVE;
				CLANG_WARN_UNREACHABLE_CODE = YES;
				CLANG_WARN__DUPLICATE_METHOD_MATCH = YES;
				COPY_PHASE_STRIP = NO;
				DEBUG_INFORMATION_FORMAT = "dwarf-with-dsym";
				ENABLE_NS_ASSERTIONS = NO;
				ENABLE_STRICT_OBJC_MSGSEND = YES;
				GCC_C_LANGUAGE_STANDARD = gnu11;
				GCC_NO_COMMON_BLOCKS = YES;
				GCC_WARN_64_TO_32_BIT_CONVERSION = YES;
				GCC_WARN_ABOUT_RETURN_TYPE = YES_ERROR;
				GCC_WARN_UNDECLARED_SELECTOR = YES;
				GCC_WARN_UNINITIALIZED_AUTOS = YES_AGGRESSIVE;
				GCC_WARN_UNUSED_FUNCTION = YES;
				GCC_WARN_UNUSED_VARIABLE = YES;
				IPHONEOS_DEPLOYMENT_TARGET = 14.3;
				MTL_ENABLE_DEBUG_INFO = NO;
				MTL_FAST_MATH = YES;
				SDKROOT = iphoneos;
				SWIFT_COMPILATION_MODE = wholemodule;
				SWIFT_OPTIMIZATION_LEVEL = "-O";
				VALIDATE_PRODUCT = YES;
			};
			name = Release;
		};
		C47679CA25A08A24004529F7 /* Debug */ = {
			isa = XCBuildConfiguration;
			buildSettings = {
				ASSETCATALOG_COMPILER_APPICON_NAME = AppIcon;
				ASSETCATALOG_COMPILER_GLOBAL_ACCENT_COLOR_NAME = AccentColor;
				CODE_SIGN_STYLE = Automatic;
				INFOPLIST_FILE = Tasks/Info.plist;
				LD_RUNPATH_SEARCH_PATHS = (
					"$(inherited)",
					"@executable_path/Frameworks",
				);
				PRODUCT_BUNDLE_IDENTIFIER = my.Tasks;
				PRODUCT_NAME = "$(TARGET_NAME)";
				SWIFT_VERSION = 5.0;
				TARGETED_DEVICE_FAMILY = "1,2";
			};
			name = Debug;
		};
		C47679CB25A08A24004529F7 /* Release */ = {
			isa = XCBuildConfiguration;
			buildSettings = {
				ASSETCATALOG_COMPILER_APPICON_NAME = AppIcon;
				ASSETCATALOG_COMPILER_GLOBAL_ACCENT_COLOR_NAME = AccentColor;
				CODE_SIGN_STYLE = Automatic;
				INFOPLIST_FILE = Tasks/Info.plist;
				LD_RUNPATH_SEARCH_PATHS = (
					"$(inherited)",
					"@executable_path/Frameworks",
				);
				PRODUCT_BUNDLE_IDENTIFIER = my.Tasks;
				PRODUCT_NAME = "$(TARGET_NAME)";
				SWIFT_VERSION = 5.0;
				TARGETED_DEVICE_FAMILY = "1,2";
			};
			name = Release;
		};
/* End XCBuildConfiguration section */

/* Begin XCConfigurationList section */
		C47679B025A08A21004529F7 /* Build configuration list for PBXProject "Tasks" */ = {
			isa = XCConfigurationList;
			buildConfigurations = (
				C47679C725A08A24004529F7 /* Debug */,
				C47679C825A08A24004529F7 /* Release */,
			);
			defaultConfigurationIsVisible = 0;
			defaultConfigurationName = Release;
		};
		C47679C925A08A24004529F7 /* Build configuration list for PBXNativeTarget "Tasks" */ = {
			isa = XCConfigurationList;
			buildConfigurations = (
				C47679CA25A08A24004529F7 /* Debug */,
				C47679CB25A08A24004529F7 /* Release */,
			);
			defaultConfigurationIsVisible = 0;
			defaultConfigurationName = Release;
		};
/* End XCConfigurationList section */
	};
	rootObject = C47679AD25A08A21004529F7 /* Project object */;
}
